{
  "name": "@acorex/data-grid",
  "version": "0.0.1",
  "lockfileVersion": 1,
  "requires": true,
  "dependencies": {
    "ag-grid-angular": {
      "version": "22.1.1",
      "resolved": "https://registry.npmjs.org/ag-grid-angular/-/ag-grid-angular-22.1.1.tgz",
      "integrity": "sha512-I1ynYxc+Chb8ecbYkM/+GM+mXCr/rnL+lHTXejBQvDFd61W1nTP2b8BiHwkxaJBDPcFrTyS5P2xqLXLkEzfm6g=="
    },
    "ag-grid-community": {
      "version": "22.1.1",
      "resolved": "https://registry.npmjs.org/ag-grid-community/-/ag-grid-community-22.1.1.tgz",
      "integrity": "sha512-FNyv9e9JIuuR8NNi/r3NjIjUVy2/K5GgPjwQ63g9/Z4U8EudQZLINGMVKI6OwtZfWyyNSd0hQDCNsdvx0OR1WQ=="
    }
  }
}
